// !$*UTF8*$!
{
	archiveVersion = 1;
	classes = {
	};
	objectVersion = 50;
	objects = {

/* Begin PBXBuildFile section */
		092292F621383B82003BAD70 /* SPDistrict.m in Sources */ = {isa = PBXBuildFile; fileRef = 092292EE21383B82003BAD70 /* SPDistrict.m */; };
		092292F721383B82003BAD70 /* SPProvince.m in Sources */ = {isa = PBXBuildFile; fileRef = 092292F121383B82003BAD70 /* SPProvince.m */; };
		092292F821383B82003BAD70 /* SPCity.m in Sources */ = {isa = PBXBuildFile; fileRef = 092292F221383B82003BAD70 /* SPCity.m */; };
		092292F921383B82003BAD70 /* SPLocation.m in Sources */ = {isa = PBXBuildFile; fileRef = 092292F421383B82003BAD70 /* SPLocation.m */; };
		092292FD21383E12003BAD70 /* MyCell.m in Sources */ = {isa = PBXBuildFile; fileRef = 092292FC21383E11003BAD70 /* MyCell.m */; };
		0922930621383EBC003BAD70 /* SPPageMenu.m in Sources */ = {isa = PBXBuildFile; fileRef = 0922930421383EBC003BAD70 /* SPPageMenu.m */; };
		0922930A2138418D003BAD70 /* MyXibCell.m in Sources */ = {isa = PBXBuildFile; fileRef = 092293082138418D003BAD70 /* MyXibCell.m */; };
		0922930B2138418D003BAD70 /* MyXibCell.xib in Resources */ = {isa = PBXBuildFile; fileRef = 092293092138418D003BAD70 /* MyXibCell.xib */; };
		0927F1FC21399AD4000E005D /* AddressView.m in Sources */ = {isa = PBXBuildFile; fileRef = 0927F1FB21399AD4000E005D /* AddressView.m */; };
		0927F205213A6FB9000E005D /* SPModalView.m in Sources */ = {isa = PBXBuildFile; fileRef = 0927F204213A6FB9000E005D /* SPModalView.m */; };
		6A234B5F212FAF9600128DD6 /* AppDelegate.m in Sources */ = {isa = PBXBuildFile; fileRef = 6A234B5E212FAF9600128DD6 /* AppDelegate.m */; };
		6A234B65212FAF9600128DD6 /* Main.storyboard in Resources */ = {isa = PBXBuildFile; fileRef = 6A234B63212FAF9600128DD6 /* Main.storyboard */; };
		6A234B67212FAFB000128DD6 /* Assets.xcassets in Resources */ = {isa = PBXBuildFile; fileRef = 6A234B66212FAFB000128DD6 /* Assets.xcassets */; };
		6A234B6A212FAFB000128DD6 /* LaunchScreen.storyboard in Resources */ = {isa = PBXBuildFile; fileRef = 6A234B68212FAFB000128DD6 /* LaunchScreen.storyboard */; };
		6A234B6D212FAFB000128DD6 /* main.m in Sources */ = {isa = PBXBuildFile; fileRef = 6A234B6C212FAFB000128DD6 /* main.m */; };
		6A234B77212FAFB100128DD6 /* SPPickerViewTests.m in Sources */ = {isa = PBXBuildFile; fileRef = 6A234B76212FAFB100128DD6 /* SPPickerViewTests.m */; };
		6A234B82212FAFB100128DD6 /* SPPickerViewUITests.m in Sources */ = {isa = PBXBuildFile; fileRef = 6A234B81212FAFB100128DD6 /* SPPickerViewUITests.m */; };
		6A234B93212FC11500128DD6 /* pcd.plist in Resources */ = {isa = PBXBuildFile; fileRef = 6A234B92212FC11500128DD6 /* pcd.plist */; };
		6A234B97212FC51D00128DD6 /* SPPickerView.m in Sources */ = {isa = PBXBuildFile; fileRef = 6A234B96212FC51C00128DD6 /* SPPickerView.m */; };
		6A693FFA2130397C001BE08A /* ViewController.m in Sources */ = {isa = PBXBuildFile; fileRef = 6A693FF92130397C001BE08A /* ViewController.m */; };
/* End PBXBuildFile section */

/* Begin PBXContainerItemProxy section */
		6A234B73212FAFB000128DD6 /* PBXContainerItemProxy */ = {
			isa = PBXContainerItemProxy;
			containerPortal = 6A234B52212FAF9600128DD6 /* Project object */;
			proxyType = 1;
			remoteGlobalIDString = 6A234B59212FAF9600128DD6;
			remoteInfo = SPPickerView;
		};
		6A234B7E212FAFB100128DD6 /* PBXContainerItemProxy */ = {
			isa = PBXContainerItemProxy;
			containerPortal = 6A234B52212FAF9600128DD6 /* Project object */;
			proxyType = 1;
			remoteGlobalIDString = 6A234B59212FAF9600128DD6;
			remoteInfo = SPPickerView;
		};
/* End PBXContainerItemProxy section */

/* Begin PBXFileReference section */
		092292EE21383B82003BAD70 /* SPDistrict.m */ = {isa = PBXFileReference; fileEncoding = 4; lastKnownFileType = sourcecode.c.objc; path = SPDistrict.m; sourceTree = "<group>"; };
		092292EF21383B82003BAD70 /* SPCity.h */ = {isa = PBXFileReference; fileEncoding = 4; lastKnownFileType = sourcecode.c.h; path = SPCity.h; sourceTree = "<group>"; };
		092292F021383B82003BAD70 /* SPLocation.h */ = {isa = PBXFileReference; fileEncoding = 4; lastKnownFileType = sourcecode.c.h; path = SPLocation.h; sourceTree = "<group>"; };
		092292F121383B82003BAD70 /* SPProvince.m */ = {isa = PBXFileReference; fileEncoding = 4; lastKnownFileType = sourcecode.c.objc; path = SPProvince.m; sourceTree = "<group>"; };
		092292F221383B82003BAD70 /* SPCity.m */ = {isa = PBXFileReference; fileEncoding = 4; lastKnownFileType = sourcecode.c.objc; path = SPCity.m; sourceTree = "<group>"; };
		092292F321383B82003BAD70 /* SPDistrict.h */ = {isa = PBXFileReference; fileEncoding = 4; lastKnownFileType = sourcecode.c.h; path = SPDistrict.h; sourceTree = "<group>"; };
		092292F421383B82003BAD70 /* SPLocation.m */ = {isa = PBXFileReference; fileEncoding = 4; lastKnownFileType = sourcecode.c.objc; path = SPLocation.m; sourceTree = "<group>"; };
		092292F521383B82003BAD70 /* SPProvince.h */ = {isa = PBXFileReference; fileEncoding = 4; lastKnownFileType = sourcecode.c.h; path = SPProvince.h; sourceTree = "<group>"; };
		092292FB21383E11003BAD70 /* MyCell.h */ = {isa = PBXFileReference; fileEncoding = 4; lastKnownFileType = sourcecode.c.h; path = MyCell.h; sourceTree = "<group>"; };
		092292FC21383E11003BAD70 /* MyCell.m */ = {isa = PBXFileReference; fileEncoding = 4; lastKnownFileType = sourcecode.c.objc; path = MyCell.m; sourceTree = "<group>"; };
		0922930421383EBC003BAD70 /* SPPageMenu.m */ = {isa = PBXFileReference; fileEncoding = 4; lastKnownFileType = sourcecode.c.objc; path = SPPageMenu.m; sourceTree = "<group>"; };
		0922930521383EBC003BAD70 /* SPPageMenu.h */ = {isa = PBXFileReference; fileEncoding = 4; lastKnownFileType = sourcecode.c.h; path = SPPageMenu.h; sourceTree = "<group>"; };
		092293072138418D003BAD70 /* MyXibCell.h */ = {isa = PBXFileReference; lastKnownFileType = sourcecode.c.h; path = MyXibCell.h; sourceTree = "<group>"; };
		092293082138418D003BAD70 /* MyXibCell.m */ = {isa = PBXFileReference; lastKnownFileType = sourcecode.c.objc; path = MyXibCell.m; sourceTree = "<group>"; };
		092293092138418D003BAD70 /* MyXibCell.xib */ = {isa = PBXFileReference; lastKnownFileType = file.xib; path = MyXibCell.xib; sourceTree = "<group>"; };
		0927F1FA21399AD4000E005D /* AddressView.h */ = {isa = PBXFileReference; lastKnownFileType = sourcecode.c.h; path = AddressView.h; sourceTree = "<group>"; };
		0927F1FB21399AD4000E005D /* AddressView.m */ = {isa = PBXFileReference; lastKnownFileType = sourcecode.c.objc; path = AddressView.m; sourceTree = "<group>"; };
		0927F203213A6FB9000E005D /* SPModalView.h */ = {isa = PBXFileReference; lastKnownFileType = sourcecode.c.h; path = SPModalView.h; sourceTree = "<group>"; };
		0927F204213A6FB9000E005D /* SPModalView.m */ = {isa = PBXFileReference; lastKnownFileType = sourcecode.c.objc; path = SPModalView.m; sourceTree = "<group>"; };
		6A234B5A212FAF9600128DD6 /* SPPickerView.app */ = {isa = PBXFileReference; explicitFileType = wrapper.application; includeInIndex = 0; path = SPPickerView.app; sourceTree = BUILT_PRODUCTS_DIR; };
		6A234B5D212FAF9600128DD6 /* AppDelegate.h */ = {isa = PBXFileReference; lastKnownFileType = sourcecode.c.h; path = AppDelegate.h; sourceTree = "<group>"; };
		6A234B5E212FAF9600128DD6 /* AppDelegate.m */ = {isa = PBXFileReference; lastKnownFileType = sourcecode.c.objc; path = AppDelegate.m; sourceTree = "<group>"; };
		6A234B64212FAF9600128DD6 /* Base */ = {isa = PBXFileReference; lastKnownFileType = file.storyboard; name = Base; path = Base.lproj/Main.storyboard; sourceTree = "<group>"; };
		6A234B66212FAFB000128DD6 /* Assets.xcassets */ = {isa = PBXFileReference; lastKnownFileType = folder.assetcatalog; path = Assets.xcassets; sourceTree = "<group>"; };
		6A234B69212FAFB000128DD6 /* Base */ = {isa = PBXFileReference; lastKnownFileType = file.storyboard; name = Base; path = Base.lproj/LaunchScreen.storyboard; sourceTree = "<group>"; };
		6A234B6B212FAFB000128DD6 /* Info.plist */ = {isa = PBXFileReference; lastKnownFileType = text.plist.xml; path = Info.plist; sourceTree = "<group>"; };
		6A234B6C212FAFB000128DD6 /* main.m */ = {isa = PBXFileReference; lastKnownFileType = sourcecode.c.objc; path = main.m; sourceTree = "<group>"; };
		6A234B72212FAFB000128DD6 /* SPPickerViewTests.xctest */ = {isa = PBXFileReference; explicitFileType = wrapper.cfbundle; includeInIndex = 0; path = SPPickerViewTests.xctest; sourceTree = BUILT_PRODUCTS_DIR; };
		6A234B76212FAFB100128DD6 /* SPPickerViewTests.m */ = {isa = PBXFileReference; lastKnownFileType = sourcecode.c.objc; path = SPPickerViewTests.m; sourceTree = "<group>"; };
		6A234B78212FAFB100128DD6 /* Info.plist */ = {isa = PBXFileReference; lastKnownFileType = text.plist.xml; path = Info.plist; sourceTree = "<group>"; };
		6A234B7D212FAFB100128DD6 /* SPPickerViewUITests.xctest */ = {isa = PBXFileReference; explicitFileType = wrapper.cfbundle; includeInIndex = 0; path = SPPickerViewUITests.xctest; sourceTree = BUILT_PRODUCTS_DIR; };
		6A234B81212FAFB100128DD6 /* SPPickerViewUITests.m */ = {isa = PBXFileReference; lastKnownFileType = sourcecode.c.objc; path = SPPickerViewUITests.m; sourceTree = "<group>"; };
		6A234B83212FAFB100128DD6 /* Info.plist */ = {isa = PBXFileReference; lastKnownFileType = text.plist.xml; path = Info.plist; sourceTree = "<group>"; };
		6A234B92212FC11500128DD6 /* pcd.plist */ = {isa = PBXFileReference; fileEncoding = 4; lastKnownFileType = text.plist.xml; path = pcd.plist; sourceTree = "<group>"; };
		6A234B95212FC51C00128DD6 /* SPPickerView.h */ = {isa = PBXFileReference; fileEncoding = 4; lastKnownFileType = sourcecode.c.h; path = SPPickerView.h; sourceTree = "<group>"; };
		6A234B96212FC51C00128DD6 /* SPPickerView.m */ = {isa = PBXFileReference; fileEncoding = 4; lastKnownFileType = sourcecode.c.objc; path = SPPickerView.m; sourceTree = "<group>"; };
		6A693FF82130397C001BE08A /* ViewController.h */ = {isa = PBXFileReference; lastKnownFileType = sourcecode.c.h; path = ViewController.h; sourceTree = "<group>"; };
		6A693FF92130397C001BE08A /* ViewController.m */ = {isa = PBXFileReference; lastKnownFileType = sourcecode.c.objc; path = ViewController.m; sourceTree = "<group>"; };
/* End PBXFileReference section */

/* Begin PBXFrameworksBuildPhase section */
		6A234B57212FAF9600128DD6 /* Frameworks */ = {
			isa = PBXFrameworksBuildPhase;
			buildActionMask = 2147483647;
			files = (
			);
			runOnlyForDeploymentPostprocessing = 0;
		};
		6A234B6F212FAFB000128DD6 /* Frameworks */ = {
			isa = PBXFrameworksBuildPhase;
			buildActionMask = 2147483647;
			files = (
			);
			runOnlyForDeploymentPostprocessing = 0;
		};
		6A234B7A212FAFB100128DD6 /* Frameworks */ = {
			isa = PBXFrameworksBuildPhase;
			buildActionMask = 2147483647;
			files = (
			);
			runOnlyForDeploymentPostprocessing = 0;
		};
/* End PBXFrameworksBuildPhase section */

/* Begin PBXGroup section */
		092292ED21383B82003BAD70 /* Models */ = {
			isa = PBXGroup;
			children = (
				092292F521383B82003BAD70 /* SPProvince.h */,
				092292F121383B82003BAD70 /* SPProvince.m */,
				092292EF21383B82003BAD70 /* SPCity.h */,
				092292F221383B82003BAD70 /* SPCity.m */,
				092292F321383B82003BAD70 /* SPDistrict.h */,
				092292EE21383B82003BAD70 /* SPDistrict.m */,
				092292F021383B82003BAD70 /* SPLocation.h */,
				092292F421383B82003BAD70 /* SPLocation.m */,
			);
			path = Models;
			sourceTree = "<group>";
		};
		092292FA21383E11003BAD70 /* Views */ = {
			isa = PBXGroup;
			children = (
				092292FB21383E11003BAD70 /* MyCell.h */,
				092292FC21383E11003BAD70 /* MyCell.m */,
				092293072138418D003BAD70 /* MyXibCell.h */,
				092293082138418D003BAD70 /* MyXibCell.m */,
				092293092138418D003BAD70 /* MyXibCell.xib */,
			);
			path = Views;
			sourceTree = "<group>";
		};
		0922930321383EBC003BAD70 /* SPPageMenu */ = {
			isa = PBXGroup;
			children = (
				0922930521383EBC003BAD70 /* SPPageMenu.h */,
				0922930421383EBC003BAD70 /* SPPageMenu.m */,
			);
			path = SPPageMenu;
			sourceTree = "<group>";
		};
		6A234B51212FAF9500128DD6 = {
			isa = PBXGroup;
			children = (
				6A234B5C212FAF9600128DD6 /* SPPickerView */,
				6A234B75212FAFB000128DD6 /* SPPickerViewTests */,
				6A234B80212FAFB100128DD6 /* SPPickerViewUITests */,
				6A234B5B212FAF9600128DD6 /* Products */,
			);
			sourceTree = "<group>";
		};
		6A234B5B212FAF9600128DD6 /* Products */ = {
			isa = PBXGroup;
			children = (
				6A234B5A212FAF9600128DD6 /* SPPickerView.app */,
				6A234B72212FAFB000128DD6 /* SPPickerViewTests.xctest */,
				6A234B7D212FAFB100128DD6 /* SPPickerViewUITests.xctest */,
			);
			name = Products;
			sourceTree = "<group>";
		};
		6A234B5C212FAF9600128DD6 /* SPPickerView */ = {
			isa = PBXGroup;
			children = (
				6A234B94212FC51C00128DD6 /* SPPickerView */,
				6A693FF82130397C001BE08A /* ViewController.h */,
				6A693FF92130397C001BE08A /* ViewController.m */,
				0927F1FA21399AD4000E005D /* AddressView.h */,
				0927F1FB21399AD4000E005D /* AddressView.m */,
				0927F203213A6FB9000E005D /* SPModalView.h */,
				0927F204213A6FB9000E005D /* SPModalView.m */,
				0922930321383EBC003BAD70 /* SPPageMenu */,
				092292ED21383B82003BAD70 /* Models */,
				092292FA21383E11003BAD70 /* Views */,
				6A234B5D212FAF9600128DD6 /* AppDelegate.h */,
				6A234B5E212FAF9600128DD6 /* AppDelegate.m */,
				6A234B63212FAF9600128DD6 /* Main.storyboard */,
				6A234B66212FAFB000128DD6 /* Assets.xcassets */,
				6A234B68212FAFB000128DD6 /* LaunchScreen.storyboard */,
				6A234B92212FC11500128DD6 /* pcd.plist */,
				6A234B6B212FAFB000128DD6 /* Info.plist */,
				6A234B6C212FAFB000128DD6 /* main.m */,
			);
			path = SPPickerView;
			sourceTree = "<group>";
		};
		6A234B75212FAFB000128DD6 /* SPPickerViewTests */ = {
			isa = PBXGroup;
			children = (
				6A234B76212FAFB100128DD6 /* SPPickerViewTests.m */,
				6A234B78212FAFB100128DD6 /* Info.plist */,
			);
			path = SPPickerViewTests;
			sourceTree = "<group>";
		};
		6A234B80212FAFB100128DD6 /* SPPickerViewUITests */ = {
			isa = PBXGroup;
			children = (
				6A234B81212FAFB100128DD6 /* SPPickerViewUITests.m */,
				6A234B83212FAFB100128DD6 /* Info.plist */,
			);
			path = SPPickerViewUITests;
			sourceTree = "<group>";
		};
		6A234B94212FC51C00128DD6 /* SPPickerView */ = {
			isa = PBXGroup;
			children = (
				6A234B95212FC51C00128DD6 /* SPPickerView.h */,
				6A234B96212FC51C00128DD6 /* SPPickerView.m */,
			);
			path = SPPickerView;
			sourceTree = "<group>";
		};
/* End PBXGroup section */

/* Begin PBXNativeTarget section */
		6A234B59212FAF9600128DD6 /* SPPickerView */ = {
			isa = PBXNativeTarget;
			buildConfigurationList = 6A234B86212FAFB100128DD6 /* Build configuration list for PBXNativeTarget "SPPickerView" */;
			buildPhases = (
				6A234B56212FAF9600128DD6 /* Sources */,
				6A234B57212FAF9600128DD6 /* Frameworks */,
				6A234B58212FAF9600128DD6 /* Resources */,
			);
			buildRules = (
			);
			dependencies = (
			);
			name = SPPickerView;
			productName = SPPickerView;
			productReference = 6A234B5A212FAF9600128DD6 /* SPPickerView.app */;
			productType = "com.apple.product-type.application";
		};
		6A234B71212FAFB000128DD6 /* SPPickerViewTests */ = {
			isa = PBXNativeTarget;
			buildConfigurationList = 6A234B89212FAFB100128DD6 /* Build configuration list for PBXNativeTarget "SPPickerViewTests" */;
			buildPhases = (
				6A234B6E212FAFB000128DD6 /* Sources */,
				6A234B6F212FAFB000128DD6 /* Frameworks */,
				6A234B70212FAFB000128DD6 /* Resources */,
			);
			buildRules = (
			);
			dependencies = (
				6A234B74212FAFB000128DD6 /* PBXTargetDependency */,
			);
			name = SPPickerViewTests;
			productName = SPPickerViewTests;
			productReference = 6A234B72212FAFB000128DD6 /* SPPickerViewTests.xctest */;
			productType = "com.apple.product-type.bundle.unit-test";
		};
		6A234B7C212FAFB100128DD6 /* SPPickerViewUITests */ = {
			isa = PBXNativeTarget;
			buildConfigurationList = 6A234B8C212FAFB100128DD6 /* Build configuration list for PBXNativeTarget "SPPickerViewUITests" */;
			buildPhases = (
				6A234B79212FAFB100128DD6 /* Sources */,
				6A234B7A212FAFB100128DD6 /* Frameworks */,
				6A234B7B212FAFB100128DD6 /* Resources */,
			);
			buildRules = (
			);
			dependencies = (
				6A234B7F212FAFB100128DD6 /* PBXTargetDependency */,
			);
			name = SPPickerViewUITests;
			productName = SPPickerViewUITests;
			productReference = 6A234B7D212FAFB100128DD6 /* SPPickerViewUITests.xctest */;
			productType = "com.apple.product-type.bundle.ui-testing";
		};
/* End PBXNativeTarget section */

/* Begin PBXProject section */
		6A234B52212FAF9600128DD6 /* Project object */ = {
			isa = PBXProject;
			attributes = {
				LastUpgradeCheck = 0940;
				ORGANIZATIONNAME = Cookie;
				TargetAttributes = {
					6A234B59212FAF9600128DD6 = {
						CreatedOnToolsVersion = 9.4.1;
					};
					6A234B71212FAFB000128DD6 = {
						CreatedOnToolsVersion = 9.4.1;
						TestTargetID = 6A234B59212FAF9600128DD6;
					};
					6A234B7C212FAFB100128DD6 = {
						CreatedOnToolsVersion = 9.4.1;
						TestTargetID = 6A234B59212FAF9600128DD6;
					};
				};
			};
			buildConfigurationList = 6A234B55212FAF9600128DD6 /* Build configuration list for PBXProject "SPPickerView" */;
			compatibilityVersion = "Xcode 9.3";
			developmentRegion = en;
			hasScannedForEncodings = 0;
			knownRegions = (
				en,
				Base,
			);
			mainGroup = 6A234B51212FAF9500128DD6;
			productRefGroup = 6A234B5B212FAF9600128DD6 /* Products */;
			projectDirPath = "";
			projectRoot = "";
			targets = (
				6A234B59212FAF9600128DD6 /* SPPickerView */,
				6A234B71212FAFB000128DD6 /* SPPickerViewTests */,
				6A234B7C212FAFB100128DD6 /* SPPickerViewUITests */,
			);
		};
/* End PBXProject section */

/* Begin PBXResourcesBuildPhase section */
		6A234B58212FAF9600128DD6 /* Resources */ = {
			isa = PBXResourcesBuildPhase;
			buildActionMask = 2147483647;
			files = (
				6A234B6A212FAFB000128DD6 /* LaunchScreen.storyboard in Resources */,
				6A234B67212FAFB000128DD6 /* Assets.xcassets in Resources */,
				0922930B2138418D003BAD70 /* MyXibCell.xib in Resources */,
				6A234B93212FC11500128DD6 /* pcd.plist in Resources */,
				6A234B65212FAF9600128DD6 /* Main.storyboard in Resources */,
			);
			runOnlyForDeploymentPostprocessing = 0;
		};
		6A234B70212FAFB000128DD6 /* Resources */ = {
			isa = PBXResourcesBuildPhase;
			buildActionMask = 2147483647;
			files = (
			);
			runOnlyForDeploymentPostprocessing = 0;
		};
		6A234B7B212FAFB100128DD6 /* Resources */ = {
			isa = PBXResourcesBuildPhase;
			buildActionMask = 2147483647;
			files = (
			);
			runOnlyForDeploymentPostprocessing = 0;
		};
/* End PBXResourcesBuildPhase section */

/* Begin PBXSourcesBuildPhase section */
		6A234B56212FAF9600128DD6 /* Sources */ = {
			isa = PBXSourcesBuildPhase;
			buildActionMask = 2147483647;
			files = (
				092292F621383B82003BAD70 /* SPDistrict.m in Sources */,
				0922930621383EBC003BAD70 /* SPPageMenu.m in Sources */,
				6A693FFA2130397C001BE08A /* ViewController.m in Sources */,
				092292F721383B82003BAD70 /* SPProvince.m in Sources */,
				0927F205213A6FB9000E005D /* SPModalView.m in Sources */,
				6A234B6D212FAFB000128DD6 /* main.m in Sources */,
				092292F821383B82003BAD70 /* SPCity.m in Sources */,
				092292FD21383E12003BAD70 /* MyCell.m in Sources */,
				6A234B5F212FAF9600128DD6 /* AppDelegate.m in Sources */,
				0922930A2138418D003BAD70 /* MyXibCell.m in Sources */,
				0927F1FC21399AD4000E005D /* AddressView.m in Sources */,
				092292F921383B82003BAD70 /* SPLocation.m in Sources */,
				6A234B97212FC51D00128DD6 /* SPPickerView.m in Sources */,
			);
			runOnlyForDeploymentPostprocessing = 0;
		};
		6A234B6E212FAFB000128DD6 /* Sources */ = {
			isa = PBXSourcesBuildPhase;
			buildActionMask = 2147483647;
			files = (
				6A234B77212FAFB100128DD6 /* SPPickerViewTests.m in Sources */,
			);
			runOnlyForDeploymentPostprocessing = 0;
		};
		6A234B79212FAFB100128DD6 /* Sources */ = {
			isa = PBXSourcesBuildPhase;
			buildActionMask = 2147483647;
			files = (
				6A234B82212FAFB100128DD6 /* SPPickerViewUITests.m in Sources */,
			);
			runOnlyForDeploymentPostprocessing = 0;
		};
/* End PBXSourcesBuildPhase section */

/* Begin PBXTargetDependency section */
		6A234B74212FAFB000128DD6 /* PBXTargetDependency */ = {
			isa = PBXTargetDependency;
			target = 6A234B59212FAF9600128DD6 /* SPPickerView */;
			targetProxy = 6A234B73212FAFB000128DD6 /* PBXContainerItemProxy */;
		};
		6A234B7F212FAFB100128DD6 /* PBXTargetDependency */ = {
			isa = PBXTargetDependency;
			target = 6A234B59212FAF9600128DD6 /* SPPickerView */;
			targetProxy = 6A234B7E212FAFB100128DD6 /* PBXContainerItemProxy */;
		};
/* End PBXTargetDependency section */

/* Begin PBXVariantGroup section */
		6A234B63212FAF9600128DD6 /* Main.storyboard */ = {
			isa = PBXVariantGroup;
			children = (
				6A234B64212FAF9600128DD6 /* Base */,
			);
			name = Main.storyboard;
			sourceTree = "<group>";
		};
		6A234B68212FAFB000128DD6 /* LaunchScreen.storyboard */ = {
			isa = PBXVariantGroup;
			children = (
				6A234B69212FAFB000128DD6 /* Base */,
			);
			name = LaunchScreen.storyboard;
			sourceTree = "<group>";
		};
/* End PBXVariantGroup section */

/* Begin XCBuildConfiguration section */
		6A234B84212FAFB100128DD6 /* Debug */ = {
			isa = XCBuildConfiguration;
			buildSettings = {
				ALWAYS_SEARCH_USER_PATHS = NO;
				CLANG_ANALYZER_NONNULL = YES;
				CLANG_ANALYZER_NUMBER_OBJECT_CONVERSION = YES_AGGRESSIVE;
				CLANG_CXX_LANGUAGE_STANDARD = "gnu++14";
				CLANG_CXX_LIBRARY = "libc++";
				CLANG_ENABLE_MODULES = YES;
				CLANG_ENABLE_OBJC_ARC = YES;
				CLANG_ENABLE_OBJC_WEAK = YES;
				CLANG_WARN_BLOCK_CAPTURE_AUTORELEASING = YES;
				CLANG_WARN_BOOL_CONVERSION = YES;
				CLANG_WARN_COMMA = YES;
				CLANG_WARN_CONSTANT_CONVERSION = YES;
				CLANG_WARN_DEPRECATED_OBJC_IMPLEMENTATIONS = YES;
				CLANG_WARN_DIRECT_OBJC_ISA_USAGE = YES_ERROR;
				CLANG_WARN_DOCUMENTATION_COMMENTS = YES;
				CLANG_WARN_EMPTY_BODY = YES;
				CLANG_WARN_ENUM_CONVERSION = YES;
				CLANG_WARN_INFINITE_RECURSION = YES;
				CLANG_WARN_INT_CONVERSION = YES;
				CLANG_WARN_NON_LITERAL_NULL_CONVERSION = YES;
				CLANG_WARN_OBJC_IMPLICIT_RETAIN_SELF = YES;
				CLANG_WARN_OBJC_LITERAL_CONVERSION = YES;
				CLANG_WARN_OBJC_ROOT_CLASS = YES_ERROR;
				CLANG_WARN_RANGE_LOOP_ANALYSIS = YES;
				CLANG_WARN_STRICT_PROTOTYPES = YES;
				CLANG_WARN_SUSPICIOUS_MOVE = YES;
				CLANG_WARN_UNGUARDED_AVAILABILITY = YES_AGGRESSIVE;
				CLANG_WARN_UNREACHABLE_CODE = YES;
				CLANG_WARN__DUPLICATE_METHOD_MATCH = YES;
				CODE_SIGN_IDENTITY = "iPhone Developer";
				COPY_PHASE_STRIP = NO;
				DEBUG_INFORMATION_FORMAT = dwarf;
				ENABLE_STRICT_OBJC_MSGSEND = YES;
				ENABLE_TESTABILITY = YES;
				GCC_C_LANGUAGE_STANDARD = gnu11;
				GCC_DYNAMIC_NO_PIC = NO;
				GCC_NO_COMMON_BLOCKS = YES;
				GCC_OPTIMIZATION_LEVEL = 0;
				GCC_PREPROCESSOR_DEFINITIONS = (
					"DEBUG=1",
					"$(inherited)",
				);
				GCC_WARN_64_TO_32_BIT_CONVERSION = YES;
				GCC_WARN_ABOUT_RETURN_TYPE = YES_ERROR;
				GCC_WARN_UNDECLARED_SELECTOR = YES;
				GCC_WARN_UNINITIALIZED_AUTOS = YES_AGGRESSIVE;
				GCC_WARN_UNUSED_FUNCTION = YES;
				GCC_WARN_UNUSED_VARIABLE = YES;
				IPHONEOS_DEPLOYMENT_TARGET = 8.0;
				MTL_ENABLE_DEBUG_INFO = YES;
				ONLY_ACTIVE_ARCH = YES;
				SDKROOT = iphoneos;
			};
			name = Debug;
		};
		6A234B85212FAFB100128DD6 /* Release */ = {
			isa = XCBuildConfiguration;
			buildSettings = {
				ALWAYS_SEARCH_USER_PATHS = NO;
				CLANG_ANALYZER_NONNULL = YES;
				CLANG_ANALYZER_NUMBER_OBJECT_CONVERSION = YES_AGGRESSIVE;
				CLANG_CXX_LANGUAGE_STANDARD = "gnu++14";
				CLANG_CXX_LIBRARY = "libc++";
				CLANG_ENABLE_MODULES = YES;
				CLANG_ENABLE_OBJC_ARC = YES;
				CLANG_ENABLE_OBJC_WEAK = YES;
				CLANG_WARN_BLOCK_CAPTURE_AUTORELEASING = YES;
				CLANG_WARN_BOOL_CONVERSION = YES;
				CLANG_WARN_COMMA = YES;
				CLANG_WARN_CONSTANT_CONVERSION = YES;
				CLANG_WARN_DEPRECATED_OBJC_IMPLEMENTATIONS = YES;
				CLANG_WARN_DIRECT_OBJC_ISA_USAGE = YES_ERROR;
				CLANG_WARN_DOCUMENTATION_COMMENTS = YES;
				CLANG_WARN_EMPTY_BODY = YES;
				CLANG_WARN_ENUM_CONVERSION = YES;
				CLANG_WARN_INFINITE_RECURSION = YES;
				CLANG_WARN_INT_CONVERSION = YES;
				CLANG_WARN_NON_LITERAL_NULL_CONVERSION = YES;
				CLANG_WARN_OBJC_IMPLICIT_RETAIN_SELF = YES;
				CLANG_WARN_OBJC_LITERAL_CONVERSION = YES;
				CLANG_WARN_OBJC_ROOT_CLASS = YES_ERROR;
				CLANG_WARN_RANGE_LOOP_ANALYSIS = YES;
				CLANG_WARN_STRICT_PROTOTYPES = YES;
				CLANG_WARN_SUSPICIOUS_MOVE = YES;
				CLANG_WARN_UNGUARDED_AVAILABILITY = YES_AGGRESSIVE;
				CLANG_WARN_UNREACHABLE_CODE = YES;
				CLANG_WARN__DUPLICATE_METHOD_MATCH = YES;
				CODE_SIGN_IDENTITY = "iPhone Developer";
				COPY_PHASE_STRIP = NO;
				DEBUG_INFORMATION_FORMAT = "dwarf-with-dsym";
				ENABLE_NS_ASSERTIONS = NO;
				ENABLE_STRICT_OBJC_MSGSEND = YES;
				GCC_C_LANGUAGE_STANDARD = gnu11;
				GCC_NO_COMMON_BLOCKS = YES;
				GCC_WARN_64_TO_32_BIT_CONVERSION = YES;
				GCC_WARN_ABOUT_RETURN_TYPE = YES_ERROR;
				GCC_WARN_UNDECLARED_SELECTOR = YES;
				GCC_WARN_UNINITIALIZED_AUTOS = YES_AGGRESSIVE;
				GCC_WARN_UNUSED_FUNCTION = YES;
				GCC_WARN_UNUSED_VARIABLE = YES;
				IPHONEOS_DEPLOYMENT_TARGET = 8.0;
				MTL_ENABLE_DEBUG_INFO = NO;
				SDKROOT = iphoneos;
				VALIDATE_PRODUCT = YES;
			};
			name = Release;
		};
		6A234B87212FAFB100128DD6 /* Debug */ = {
			isa = XCBuildConfiguration;
			buildSettings = {
				ASSETCATALOG_COMPILER_APPICON_NAME = AppIcon;
				CODE_SIGN_STYLE = Automatic;
				DEVELOPMENT_TEAM = N7GTHGMGVY;
				INFOPLIST_FILE = SPPickerView/Info.plist;
				LD_RUNPATH_SEARCH_PATHS = (
					"$(inherited)",
					"@executable_path/Frameworks",
				);
				PRODUCT_BUNDLE_IDENTIFIER = com.idresschina.SPPickerView;
				PRODUCT_NAME = "$(TARGET_NAME)";
				TARGETED_DEVICE_FAMILY = "1,2";
			};
			name = Debug;
		};
		6A234B88212FAFB100128DD6 /* Release */ = {
			isa = XCBuildConfiguration;
			buildSettings = {
				ASSETCATALOG_COMPILER_APPICON_NAME = AppIcon;
				CODE_SIGN_STYLE = Automatic;
				DEVELOPMENT_TEAM = N7GTHGMGVY;
				INFOPLIST_FILE = SPPickerView/Info.plist;
				LD_RUNPATH_SEARCH_PATHS = (
					"$(inherited)",
					"@executable_path/Frameworks",
				);
				PRODUCT_BUNDLE_IDENTIFIER = com.idresschina.SPPickerView;
				PRODUCT_NAME = "$(TARGET_NAME)";
				TARGETED_DEVICE_FAMILY = "1,2";
			};
			name = Release;
		};
		6A234B8A212FAFB100128DD6 /* Debug */ = {
			isa = XCBuildConfiguration;
			buildSettings = {
				BUNDLE_LOADER = "$(TEST_HOST)";
				CODE_SIGN_STYLE = Automatic;
				DEVELOPMENT_TEAM = MP8K63J94Y;
				INFOPLIST_FILE = SPPickerViewTests/Info.plist;
				LD_RUNPATH_SEARCH_PATHS = (
					"$(inherited)",
					"@executable_path/Frameworks",
					"@loader_path/Frameworks",
				);
				PRODUCT_BUNDLE_IDENTIFIER = com.idresschina.SPPickerViewTests;
				PRODUCT_NAME = "$(TARGET_NAME)";
				TARGETED_DEVICE_FAMILY = "1,2";
				TEST_HOST = "$(BUILT_PRODUCTS_DIR)/SPPickerView.app/SPPickerView";
			};
			name = Debug;
		};
		6A234B8B212FAFB100128DD6 /* Release */ = {
			isa = XCBuildConfiguration;
			buildSettings = {
				BUNDLE_LOADER = "$(TEST_HOST)";
				CODE_SIGN_STYLE = Automatic;
				DEVELOPMENT_TEAM = MP8K63J94Y;
				INFOPLIST_FILE = SPPickerViewTests/Info.plist;
				LD_RUNPATH_SEARCH_PATHS = (
					"$(inherited)",
					"@executable_path/Frameworks",
					"@loader_path/Frameworks",
				);
				PRODUCT_BUNDLE_IDENTIFIER = com.idresschina.SPPickerViewTests;
				PRODUCT_NAME = "$(TARGET_NAME)";
				TARGETED_DEVICE_FAMILY = "1,2";
				TEST_HOST = "$(BUILT_PRODUCTS_DIR)/SPPickerView.app/SPPickerView";
			};
			name = Release;
		};
		6A234B8D212FAFB100128DD6 /* Debug */ = {
			isa = XCBuildConfiguration;
			buildSettings = {
				CODE_SIGN_STYLE = Automatic;
				DEVELOPMENT_TEAM = MP8K63J94Y;
				INFOPLIST_FILE = SPPickerViewUITests/Info.plist;
				LD_RUNPATH_SEARCH_PATHS = (
					"$(inherited)",
					"@executable_path/Frameworks",
					"@loader_path/Frameworks",
				);
				PRODUCT_BUNDLE_IDENTIFIER = com.idresschina.SPPickerViewUITests;
				PRODUCT_NAME = "$(TARGET_NAME)";
				TARGETED_DEVICE_FAMILY = "1,2";
				TEST_TARGET_NAME = SPPickerView;
			};
			name = Debug;
		};
		6A234B8E212FAFB100128DD6 /* Release */ = {
			isa = XCBuildConfiguration;
			buildSettings = {
				CODE_SIGN_STYLE = Automatic;
				DEVELOPMENT_TEAM = MP8K63J94Y;
				INFOPLIST_FILE = SPPickerViewUITests/Info.plist;
				LD_RUNPATH_SEARCH_PATHS = (
					"$(inherited)",
					"@executable_path/Frameworks",
					"@loader_path/Frameworks",
				);
				PRODUCT_BUNDLE_IDENTIFIER = com.idresschina.SPPickerViewUITests;
				PRODUCT_NAME = "$(TARGET_NAME)";
				TARGETED_DEVICE_FAMILY = "1,2";
				TEST_TARGET_NAME = SPPickerView;
			};
			name = Release;
		};
/* End XCBuildConfiguration section */

/* Begin XCConfigurationList section */
		6A234B55212FAF9600128DD6 /* Build configuration list for PBXProject "SPPickerView" */ = {
			isa = XCConfigurationList;
			buildConfigurations = (
				6A234B84212FAFB100128DD6 /* Debug */,
				6A234B85212FAFB100128DD6 /* Release */,
			);
			defaultConfigurationIsVisible = 0;
			defaultConfigurationName = Release;
		};
		6A234B86212FAFB100128DD6 /* Build configuration list for PBXNativeTarget "SPPickerView" */ = {
			isa = XCConfigurationList;
			buildConfigurations = (
				6A234B87212FAFB100128DD6 /* Debug */,
				6A234B88212FAFB100128DD6 /* Release */,
			);
			defaultConfigurationIsVisible = 0;
			defaultConfigurationName = Release;
		};
		6A234B89212FAFB100128DD6 /* Build configuration list for PBXNativeTarget "SPPickerViewTests" */ = {
			isa = XCConfigurationList;
			buildConfigurations = (
				6A234B8A212FAFB100128DD6 /* Debug */,
				6A234B8B212FAFB100128DD6 /* Release */,
			);
			defaultConfigurationIsVisible = 0;
			defaultConfigurationName = Release;
		};
		6A234B8C212FAFB100128DD6 /* Build configuration list for PBXNativeTarget "SPPickerViewUITests" */ = {
			isa = XCConfigurationList;
			buildConfigurations = (
				6A234B8D212FAFB100128DD6 /* Debug */,
				6A234B8E212FAFB100128DD6 /* Release */,
			);
			defaultConfigurationIsVisible = 0;
			defaultConfigurationName = Release;
		};
/* End XCConfigurationList section */
	};
	rootObject = 6A234B52212FAF9600128DD6 /* Project object */;
}
